
Microsoft Visual Studio Solution File, Format Version 12.00
# Visual Studio Version 17
VisualStudioVersion = 17.2.32516.85
MinimumVisualStudioVersion = 10.0.40219.1
Project("{FAE04EC0-301F-11D3-BF4B-00C04F79EFBC}") = "TP2-P24-2210075", "TP2-P24-2210075\TP2-P24-2210075.csproj", "{271EFB02-45CE-4B3E-B1DB-605B0D2FE0DF}"
EndProject
Global
	GlobalSection(SolutionConfigurationPlatforms) = preSolution
		Debug|Any CPU = Debug|Any CPU
		Release|Any CPU = Release|Any CPU
	EndGlobalSection
	GlobalSection(ProjectConfigurationPlatforms) = postSolution
		{271EFB02-45CE-4B3E-B1DB-605B0D2FE0DF}.Debug|Any CPU.ActiveCfg = Debug|Any CPU
		{271EFB02-45CE-4B3E-B1DB-605B0D2FE0DF}.Debug|Any CPU.Build.0 = Debug|Any CPU
		{271EFB02-45CE-4B3E-B1DB-605B0D2FE0DF}.Release|Any CPU.ActiveCfg = Release|Any CPU
		{271EFB02-45CE-4B3E-B1DB-605B0D2FE0DF}.Release|Any CPU.Build.0 = Release|Any CPU
	EndGlobalSection
	GlobalSection(SolutionProperties) = preSolution
		HideSolutionNode = FALSE
	EndGlobalSection
	GlobalSection(ExtensibilityGlobals) = postSolution
		SolutionGuid = {FEDD542A-4215-4774-AACD-802DCEFBB79C}
	EndGlobalSection
EndGlobal
